{
  "name": "Notes.app",
  "version": "0.0.3",
  "dependencies": {
    "coffee-script": {
      "version": "1.8.0",
      "from": "coffee-script@*",
      "dependencies": {
        "mkdirp": {
          "version": "0.3.5",
          "from": "mkdirp@~0.3.5"
        }
      }
    },
    "jquery": {
      "version": "2.1.1",
      "from": "jquery@*",
      "resolved": "https://registry.npmjs.org/jquery/-/jquery-2.1.1.tgz"
    },
    "mousetrap": {
      "version": "0.0.1",
      "from": "mousetrap@0.0.1"
    },
    "ngrep": {
      "version": "0.0.0",
      "from": "git://github.com/mmalecki/ngrep.git#master",
      "resolved": "git://github.com/mmalecki/ngrep.git#1b71638fef1722b3640397ad78b98570f94a50b9"
    },
    "open": {
      "version": "0.0.5",
      "from": "open@*"
    },
    "rivets": {
      "version": "0.6.10",
      "from": "rivets@*"
    }
  }
}
